# generated by rye
# use `rye lock` or `rye sync` to update this lockfile
#
# last locked with the following flags:
#   pre: false
#   features: []
#   all-features: false
#   with-sources: true

--index-url https://pypi.org/simple/
--find-links https://download.pytorch.org/whl/torch_stable.html

-e file:.
agogos==0.4
    # via epochalyst
annotated-types==0.7.0
    # via onboarding-epoch-v-competition
antlr4-python3-runtime==4.9.3
    # via hydra-core
    # via omegaconf
certifi==2024.2.2
    # via requests
    # via sentry-sdk
charset-normalizer==3.3.2
    # via requests
click==8.1.7
    # via dask
    # via wandb
cloudpickle==3.0.0
    # via dask
coloredlogs==15.0.1
    # via onboarding-epoch-v-competition
contourpy==1.2.1
    # via matplotlib
cycler==0.12.1
    # via matplotlib
dask==2024.5.1
    # via dask-expr
    # via onboarding-epoch-v-competition
dask-expr==1.1.1
    # via onboarding-epoch-v-competition
docker-pycreds==0.4.0
    # via wandb
epochalyst==0.3.3
    # via onboarding-epoch-v-competition
filelock==3.14.0
    # via huggingface-hub
    # via torch
    # via triton
fire==0.6.0
    # via randomname
fonttools==4.51.0
    # via matplotlib
fsspec==2024.5.0
    # via dask
    # via huggingface-hub
    # via torch
gitdb==4.0.11
    # via gitpython
gitpython==3.1.43
    # via wandb
huggingface-hub==0.23.1
    # via timm
humanfriendly==10.0
    # via coloredlogs
hydra-core==1.3.2
    # via onboarding-epoch-v-competition
idna==3.7
    # via requests
imageio==2.34.1
    # via onboarding-epoch-v-competition
importlib-metadata==7.1.0
    # via dask
jinja2==3.1.4
    # via torch
joblib==1.4.2
    # via agogos
    # via scikit-learn
kiwisolver==1.4.5
    # via matplotlib
locket==1.0.0
    # via partd
markupsafe==2.1.5
    # via jinja2
matplotlib==3.9.0
    # via onboarding-epoch-v-competition
    # via seaborn
mpmath==1.3.0
    # via sympy
networkx==3.3
    # via torch
numpy==1.26.4
    # via contourpy
    # via epochalyst
    # via imageio
    # via matplotlib
    # via onboarding-epoch-v-competition
    # via opencv-python
    # via pandas
    # via pyarrow
    # via scikit-learn
    # via scipy
    # via seaborn
    # via torchvision
nvidia-cublas-cu12==12.1.3.1
    # via nvidia-cudnn-cu12
    # via nvidia-cusolver-cu12
    # via torch
nvidia-cuda-cupti-cu12==12.1.105
    # via torch
nvidia-cuda-nvrtc-cu12==12.1.105
    # via torch
nvidia-cuda-runtime-cu12==12.1.105
    # via torch
nvidia-cudnn-cu12==8.9.2.26
    # via torch
nvidia-cufft-cu12==11.0.2.54
    # via torch
nvidia-curand-cu12==10.3.2.106
    # via torch
nvidia-cusolver-cu12==11.4.5.107
    # via torch
nvidia-cusparse-cu12==12.1.0.106
    # via nvidia-cusolver-cu12
    # via torch
nvidia-nccl-cu12==2.19.3
    # via torch
nvidia-nvjitlink-cu12==12.5.40
    # via nvidia-cusolver-cu12
    # via nvidia-cusparse-cu12
nvidia-nvtx-cu12==12.1.105
    # via torch
omegaconf==2.3.0
    # via hydra-core
opencv-python==4.9.0.80
    # via onboarding-epoch-v-competition
packaging==24.0
    # via dask
    # via huggingface-hub
    # via hydra-core
    # via matplotlib
    # via plotly
pandas==2.2.2
    # via dask-expr
    # via onboarding-epoch-v-competition
    # via seaborn
partd==1.4.2
    # via dask
pillow==10.3.0
    # via imageio
    # via matplotlib
    # via onboarding-epoch-v-competition
    # via torchvision
platformdirs==4.2.2
    # via wandb
plotly==5.22.0
    # via onboarding-epoch-v-competition
protobuf==4.25.3
    # via wandb
psutil==5.9.8
    # via wandb
pyarrow==16.1.0
    # via dask-expr
pyparsing==3.1.2
    # via matplotlib
python-dateutil==2.9.0.post0
    # via matplotlib
    # via pandas
pytz==2024.1
    # via pandas
pyyaml==6.0.1
    # via dask
    # via huggingface-hub
    # via omegaconf
    # via timm
    # via wandb
randomname==0.2.1
    # via onboarding-epoch-v-competition
requests==2.32.2
    # via huggingface-hub
    # via wandb
safetensors==0.4.3
    # via timm
scikit-learn==1.5.0
    # via onboarding-epoch-v-competition
scipy==1.13.0
    # via scikit-learn
seaborn==0.13.2
    # via onboarding-epoch-v-competition
sentry-sdk==2.2.1
    # via wandb
setproctitle==1.3.3
    # via wandb
setuptools==70.0.0
    # via wandb
six==1.16.0
    # via docker-pycreds
    # via fire
    # via python-dateutil
smmap==5.0.1
    # via gitdb
sympy==1.12
    # via torch
tenacity==8.3.0
    # via plotly
termcolor==2.4.0
    # via fire
threadpoolctl==3.5.0
    # via scikit-learn
timm==1.0.3
    # via onboarding-epoch-v-competition
toolz==0.12.1
    # via dask
    # via partd
torch==2.2.2+cu121
    # via epochalyst
    # via onboarding-epoch-v-competition
    # via timm
    # via torchaudio
    # via torchvision
torchaudio==2.2.2+cu121
    # via onboarding-epoch-v-competition
torchvision==0.17.2+cu121
    # via onboarding-epoch-v-competition
    # via timm
tqdm==4.66.4
    # via huggingface-hub
    # via onboarding-epoch-v-competition
triton==2.2.0
    # via torch
typing-extensions==4.11.0
    # via huggingface-hub
    # via onboarding-epoch-v-competition
    # via torch
tzdata==2024.1
    # via pandas
urllib3==2.2.1
    # via requests
    # via sentry-sdk
wandb==0.17.0
    # via onboarding-epoch-v-competition
zipp==3.18.2
    # via importlib-metadata
